
Microsoft Visual Studio Solution File, Format Version 12.00
# Visual Studio Version 17
VisualStudioVersion = 17.0.31903.59
MinimumVisualStudioVersion = 10.0.40219.1
Project("{2150E333-8FDC-42A3-9474-1A3956D46DE8}") = "src", "src", "{2BBC5B84-6032-48A6-A94F-330B17D694C8}"
EndProject
Project("{FAE04EC0-301F-11D3-BF4B-00C04F79EFBC}") = "Rozafa.API", "src\Rozafa.API\Rozafa.API.csproj", "{5D9B3A22-B4C0-492C-AC5C-443148F6ABF1}"
EndProject
Project("{FAE04EC0-301F-11D3-BF4B-00C04F79EFBC}") = "Rozafa.Application", "src\Rozafa.Application\Rozafa.Application.csproj", "{296E3339-47C4-46EA-A794-F78B9AED8F21}"
EndProject
Project("{FAE04EC0-301F-11D3-BF4B-00C04F79EFBC}") = "Rozafa.Contracts", "src\Rozafa.Contracts\Rozafa.Contracts.csproj", "{BFF53976-3BE4-4ADC-872F-4891C74EA981}"
EndProject
Project("{FAE04EC0-301F-11D3-BF4B-00C04F79EFBC}") = "Rozafa.Domain", "src\Rozafa.Domain\Rozafa.Domain.csproj", "{0EE120C5-6026-4354-B4DB-936E88350456}"
EndProject
Project("{FAE04EC0-301F-11D3-BF4B-00C04F79EFBC}") = "Rozafa.Infrastructure", "src\Rozafa.Infrastructure\Rozafa.Infrastructure.csproj", "{D6CBC6EE-86EA-46FE-B6AD-3F9ECF303803}"
EndProject
Project("{2150E333-8FDC-42A3-9474-1A3956D46DE8}") = "tests", "tests", "{CB08D48E-AFA3-44C1-B3B3-BDD1A0AD5018}"
EndProject
Project("{2150E333-8FDC-42A3-9474-1A3956D46DE8}") = "UnitTests", "UnitTests", "{72E137B0-28E8-4F2B-962E-AC05C8879D96}"
EndProject
Project("{FAE04EC0-301F-11D3-BF4B-00C04F79EFBC}") = "Rozafa.API.UnitTests", "tests\UnitTests\Rozafa.API.UnitTests\Rozafa.API.UnitTests.csproj", "{A3C4FF9B-6F66-4B10-81DE-9CAE877976B7}"
EndProject
Project("{FAE04EC0-301F-11D3-BF4B-00C04F79EFBC}") = "Rozafa.Application.UnitTests", "tests\UnitTests\Rozafa.Application.UnitTests\Rozafa.Application.UnitTests.csproj", "{6F3B3B41-237A-4A8B-9F8E-B2174D22ABF7}"
EndProject
Project("{FAE04EC0-301F-11D3-BF4B-00C04F79EFBC}") = "Rozafa.Domain.UnitTests", "tests\UnitTests\Rozafa.Domain.UnitTests\Rozafa.Domain.UnitTests.csproj", "{25E091E4-0F3B-491D-8539-BBDAE5FAB1EB}"
EndProject
Project("{FAE04EC0-301F-11D3-BF4B-00C04F79EFBC}") = "Rozafa.Infrastructure.UnitTests", "tests\UnitTests\Rozafa.Infrastructure.UnitTests\Rozafa.Infrastructure.UnitTests.csproj", "{052E2A85-8FC3-497A-8AD8-5B549D5BD3A2}"
EndProject
Global
	GlobalSection(SolutionConfigurationPlatforms) = preSolution
		Debug|Any CPU = Debug|Any CPU
		Release|Any CPU = Release|Any CPU
	EndGlobalSection
	GlobalSection(SolutionProperties) = preSolution
		HideSolutionNode = FALSE
	EndGlobalSection
	GlobalSection(ProjectConfigurationPlatforms) = postSolution
		{5D9B3A22-B4C0-492C-AC5C-443148F6ABF1}.Debug|Any CPU.ActiveCfg = Debug|Any CPU
		{5D9B3A22-B4C0-492C-AC5C-443148F6ABF1}.Debug|Any CPU.Build.0 = Debug|Any CPU
		{5D9B3A22-B4C0-492C-AC5C-443148F6ABF1}.Release|Any CPU.ActiveCfg = Release|Any CPU
		{5D9B3A22-B4C0-492C-AC5C-443148F6ABF1}.Release|Any CPU.Build.0 = Release|Any CPU
		{296E3339-47C4-46EA-A794-F78B9AED8F21}.Debug|Any CPU.ActiveCfg = Debug|Any CPU
		{296E3339-47C4-46EA-A794-F78B9AED8F21}.Debug|Any CPU.Build.0 = Debug|Any CPU
		{296E3339-47C4-46EA-A794-F78B9AED8F21}.Release|Any CPU.ActiveCfg = Release|Any CPU
		{296E3339-47C4-46EA-A794-F78B9AED8F21}.Release|Any CPU.Build.0 = Release|Any CPU
		{BFF53976-3BE4-4ADC-872F-4891C74EA981}.Debug|Any CPU.ActiveCfg = Debug|Any CPU
		{BFF53976-3BE4-4ADC-872F-4891C74EA981}.Debug|Any CPU.Build.0 = Debug|Any CPU
		{BFF53976-3BE4-4ADC-872F-4891C74EA981}.Release|Any CPU.ActiveCfg = Release|Any CPU
		{BFF53976-3BE4-4ADC-872F-4891C74EA981}.Release|Any CPU.Build.0 = Release|Any CPU
		{0EE120C5-6026-4354-B4DB-936E88350456}.Debug|Any CPU.ActiveCfg = Debug|Any CPU
		{0EE120C5-6026-4354-B4DB-936E88350456}.Debug|Any CPU.Build.0 = Debug|Any CPU
		{0EE120C5-6026-4354-B4DB-936E88350456}.Release|Any CPU.ActiveCfg = Release|Any CPU
		{0EE120C5-6026-4354-B4DB-936E88350456}.Release|Any CPU.Build.0 = Release|Any CPU
		{D6CBC6EE-86EA-46FE-B6AD-3F9ECF303803}.Debug|Any CPU.ActiveCfg = Debug|Any CPU
		{D6CBC6EE-86EA-46FE-B6AD-3F9ECF303803}.Debug|Any CPU.Build.0 = Debug|Any CPU
		{D6CBC6EE-86EA-46FE-B6AD-3F9ECF303803}.Release|Any CPU.ActiveCfg = Release|Any CPU
		{D6CBC6EE-86EA-46FE-B6AD-3F9ECF303803}.Release|Any CPU.Build.0 = Release|Any CPU
		{A3C4FF9B-6F66-4B10-81DE-9CAE877976B7}.Debug|Any CPU.ActiveCfg = Debug|Any CPU
		{A3C4FF9B-6F66-4B10-81DE-9CAE877976B7}.Debug|Any CPU.Build.0 = Debug|Any CPU
		{A3C4FF9B-6F66-4B10-81DE-9CAE877976B7}.Release|Any CPU.ActiveCfg = Release|Any CPU
		{A3C4FF9B-6F66-4B10-81DE-9CAE877976B7}.Release|Any CPU.Build.0 = Release|Any CPU
		{6F3B3B41-237A-4A8B-9F8E-B2174D22ABF7}.Debug|Any CPU.ActiveCfg = Debug|Any CPU
		{6F3B3B41-237A-4A8B-9F8E-B2174D22ABF7}.Debug|Any CPU.Build.0 = Debug|Any CPU
		{6F3B3B41-237A-4A8B-9F8E-B2174D22ABF7}.Release|Any CPU.ActiveCfg = Release|Any CPU
		{6F3B3B41-237A-4A8B-9F8E-B2174D22ABF7}.Release|Any CPU.Build.0 = Release|Any CPU
		{25E091E4-0F3B-491D-8539-BBDAE5FAB1EB}.Debug|Any CPU.ActiveCfg = Debug|Any CPU
		{25E091E4-0F3B-491D-8539-BBDAE5FAB1EB}.Debug|Any CPU.Build.0 = Debug|Any CPU
		{25E091E4-0F3B-491D-8539-BBDAE5FAB1EB}.Release|Any CPU.ActiveCfg = Release|Any CPU
		{25E091E4-0F3B-491D-8539-BBDAE5FAB1EB}.Release|Any CPU.Build.0 = Release|Any CPU
		{052E2A85-8FC3-497A-8AD8-5B549D5BD3A2}.Debug|Any CPU.ActiveCfg = Debug|Any CPU
		{052E2A85-8FC3-497A-8AD8-5B549D5BD3A2}.Debug|Any CPU.Build.0 = Debug|Any CPU
		{052E2A85-8FC3-497A-8AD8-5B549D5BD3A2}.Release|Any CPU.ActiveCfg = Release|Any CPU
		{052E2A85-8FC3-497A-8AD8-5B549D5BD3A2}.Release|Any CPU.Build.0 = Release|Any CPU
	EndGlobalSection
	GlobalSection(NestedProjects) = preSolution
		{5D9B3A22-B4C0-492C-AC5C-443148F6ABF1} = {2BBC5B84-6032-48A6-A94F-330B17D694C8}
		{296E3339-47C4-46EA-A794-F78B9AED8F21} = {2BBC5B84-6032-48A6-A94F-330B17D694C8}
		{BFF53976-3BE4-4ADC-872F-4891C74EA981} = {2BBC5B84-6032-48A6-A94F-330B17D694C8}
		{0EE120C5-6026-4354-B4DB-936E88350456} = {2BBC5B84-6032-48A6-A94F-330B17D694C8}
		{D6CBC6EE-86EA-46FE-B6AD-3F9ECF303803} = {2BBC5B84-6032-48A6-A94F-330B17D694C8}
		{72E137B0-28E8-4F2B-962E-AC05C8879D96} = {CB08D48E-AFA3-44C1-B3B3-BDD1A0AD5018}
		{A3C4FF9B-6F66-4B10-81DE-9CAE877976B7} = {72E137B0-28E8-4F2B-962E-AC05C8879D96}
		{6F3B3B41-237A-4A8B-9F8E-B2174D22ABF7} = {72E137B0-28E8-4F2B-962E-AC05C8879D96}
		{25E091E4-0F3B-491D-8539-BBDAE5FAB1EB} = {72E137B0-28E8-4F2B-962E-AC05C8879D96}
		{052E2A85-8FC3-497A-8AD8-5B549D5BD3A2} = {72E137B0-28E8-4F2B-962E-AC05C8879D96}
	EndGlobalSection
EndGlobal
